{
  "name": "web-based-survey",
  "version": "1.0.0",
  "lockfileVersion": 1,
  "requires": true,
  "dependencies": {
    "jquery": {
      "version": "3.6.0",
      "resolved": "https://registry.npmjs.org/jquery/-/jquery-3.6.0.tgz",
      "integrity": "sha512-JVzAR/AjBvVt2BmYhxRCSYysDsPcssdmTFnzyLEts9qNwmjmu4JTAMYubEfwVOSwpQ1I1sKKFcxhZCI2buerfw=="
    },
    "survey-jquery": {
      "version": "1.8.55",
      "resolved": "https://registry.npmjs.org/survey-jquery/-/survey-jquery-1.8.55.tgz",
      "integrity": "sha512-CgMgrOQpFfooZtnBrotKKFotqK8hCwKueltUxUtyOQKPMbmAEh7yUl/MF0UTVHgJLtB7RDnE/dkWVkEbzKBxww==",
      "requires": {
        "jquery": ">=1.12.4"
      }
    }
  }
}
